
Microsoft Visual Studio Solution File, Format Version 12.00
# Visual Studio Version 17
VisualStudioVersion = 17.9.34728.123
MinimumVisualStudioVersion = 10.0.40219.1
Project("{FAE04EC0-301F-11D3-BF4B-00C04F79EFBC}") = "ChatAppTutorial", "ChatAppTutorial\ChatAppTutorial.csproj", "{C361A61E-40CD-4E76-8154-877FFA0781A7}"
EndProject
Global
	GlobalSection(SolutionConfigurationPlatforms) = preSolution
		Debug|Any CPU = Debug|Any CPU
		Release|Any CPU = Release|Any CPU
	EndGlobalSection
	GlobalSection(ProjectConfigurationPlatforms) = postSolution
		{C361A61E-40CD-4E76-8154-877FFA0781A7}.Debug|Any CPU.ActiveCfg = Debug|Any CPU
		{C361A61E-40CD-4E76-8154-877FFA0781A7}.Debug|Any CPU.Build.0 = Debug|Any CPU
		{C361A61E-40CD-4E76-8154-877FFA0781A7}.Release|Any CPU.ActiveCfg = Release|Any CPU
		{C361A61E-40CD-4E76-8154-877FFA0781A7}.Release|Any CPU.Build.0 = Release|Any CPU
	EndGlobalSection
	GlobalSection(SolutionProperties) = preSolution
		HideSolutionNode = FALSE
	EndGlobalSection
	GlobalSection(ExtensibilityGlobals) = postSolution
		SolutionGuid = {A26BA166-5888-49D1-A6E5-6336998FBC0F}
	EndGlobalSection
EndGlobal
